
Microsoft Visual Studio Solution File, Format Version 12.00
# Visual Studio Version 16
VisualStudioVersion = 25.0.1706.14
MinimumVisualStudioVersion = 10.0.40219.1
Project("{FAE04EC0-301F-11D3-BF4B-00C04F79EFBC}") = "Car-izma.web", "Car-izma.web\Car-izma.web.csproj", "{EFB98490-4C5A-4FCF-94FE-1117B7B36E48}"
EndProject
Project("{FAE04EC0-301F-11D3-BF4B-00C04F79EFBC}") = "Car-izma.data", "Car-izma.data\Car-izma.data.csproj", "{AF35C112-682A-4912-A1D8-CE3D0532BE88}"
EndProject
Global
	GlobalSection(SolutionConfigurationPlatforms) = preSolution
		Debug|Any CPU = Debug|Any CPU
		Release|Any CPU = Release|Any CPU
	EndGlobalSection
	GlobalSection(ProjectConfigurationPlatforms) = postSolution
		{EFB98490-4C5A-4FCF-94FE-1117B7B36E48}.Debug|Any CPU.ActiveCfg = Debug|Any CPU
		{EFB98490-4C5A-4FCF-94FE-1117B7B36E48}.Debug|Any CPU.Build.0 = Debug|Any CPU
		{EFB98490-4C5A-4FCF-94FE-1117B7B36E48}.Release|Any CPU.ActiveCfg = Release|Any CPU
		{EFB98490-4C5A-4FCF-94FE-1117B7B36E48}.Release|Any CPU.Build.0 = Release|Any CPU
		{AF35C112-682A-4912-A1D8-CE3D0532BE88}.Debug|Any CPU.ActiveCfg = Debug|Any CPU
		{AF35C112-682A-4912-A1D8-CE3D0532BE88}.Debug|Any CPU.Build.0 = Debug|Any CPU
		{AF35C112-682A-4912-A1D8-CE3D0532BE88}.Release|Any CPU.ActiveCfg = Release|Any CPU
		{AF35C112-682A-4912-A1D8-CE3D0532BE88}.Release|Any CPU.Build.0 = Release|Any CPU
	EndGlobalSection
	GlobalSection(SolutionProperties) = preSolution
		HideSolutionNode = FALSE
	EndGlobalSection
	GlobalSection(ExtensibilityGlobals) = postSolution
		SolutionGuid = {B7DD79EC-569B-4A19-B745-A687E4D8603D}
	EndGlobalSection
EndGlobal
